
Microsoft Visual Studio Solution File, Format Version 12.00
# Visual Studio 14
VisualStudioVersion = 14.0.25420.1
MinimumVisualStudioVersion = 10.0.40219.1
Project("{FAE04EC0-301F-11D3-BF4B-00C04F79EFBC}") = "Implementation", "Implementation\Implementation.csproj", "{4D55B81E-EDB3-4C8D-9DE3-F99809B0A642}"
EndProject
Project("{FAE04EC0-301F-11D3-BF4B-00C04F79EFBC}") = "Implementation.Tests", "Implementation.Tests\Implementation.Tests.csproj", "{D6439446-AA79-4300-9E6D-2CA7168DB160}"
EndProject
Project("{FAE04EC0-301F-11D3-BF4B-00C04F79EFBC}") = "DesignPatterns", "DesignPatterns\DesignPatterns.csproj", "{DB9103C2-5690-4F08-905D-E39C60F89366}"
EndProject
Global
	GlobalSection(SolutionConfigurationPlatforms) = preSolution
		Debug|Any CPU = Debug|Any CPU
		Release|Any CPU = Release|Any CPU
	EndGlobalSection
	GlobalSection(ProjectConfigurationPlatforms) = postSolution
		{4D55B81E-EDB3-4C8D-9DE3-F99809B0A642}.Debug|Any CPU.ActiveCfg = Debug|Any CPU
		{4D55B81E-EDB3-4C8D-9DE3-F99809B0A642}.Debug|Any CPU.Build.0 = Debug|Any CPU
		{4D55B81E-EDB3-4C8D-9DE3-F99809B0A642}.Release|Any CPU.ActiveCfg = Release|Any CPU
		{4D55B81E-EDB3-4C8D-9DE3-F99809B0A642}.Release|Any CPU.Build.0 = Release|Any CPU
		{D6439446-AA79-4300-9E6D-2CA7168DB160}.Debug|Any CPU.ActiveCfg = Debug|Any CPU
		{D6439446-AA79-4300-9E6D-2CA7168DB160}.Debug|Any CPU.Build.0 = Debug|Any CPU
		{D6439446-AA79-4300-9E6D-2CA7168DB160}.Release|Any CPU.ActiveCfg = Release|Any CPU
		{D6439446-AA79-4300-9E6D-2CA7168DB160}.Release|Any CPU.Build.0 = Release|Any CPU
		{DB9103C2-5690-4F08-905D-E39C60F89366}.Debug|Any CPU.ActiveCfg = Debug|Any CPU
		{DB9103C2-5690-4F08-905D-E39C60F89366}.Debug|Any CPU.Build.0 = Debug|Any CPU
		{DB9103C2-5690-4F08-905D-E39C60F89366}.Release|Any CPU.ActiveCfg = Release|Any CPU
		{DB9103C2-5690-4F08-905D-E39C60F89366}.Release|Any CPU.Build.0 = Release|Any CPU
	EndGlobalSection
	GlobalSection(SolutionProperties) = preSolution
		HideSolutionNode = FALSE
	EndGlobalSection
EndGlobal
